
Microsoft Visual Studio Solution File, Format Version 12.00
# Visual Studio Version 16
VisualStudioVersion = 16.0.30114.105
MinimumVisualStudioVersion = 10.0.40219.1
Project("{FAE04EC0-301F-11D3-BF4B-00C04F79EFBC}") = "ExcelEffect", "ExcelEffect\ExcelEffect.csproj", "{7C8A3A7A-76BD-4E06-A00D-4458A3982E63}"
EndProject
Global
	GlobalSection(SolutionConfigurationPlatforms) = preSolution
		Debug|Any CPU = Debug|Any CPU
		Release|Any CPU = Release|Any CPU
	EndGlobalSection
	GlobalSection(ProjectConfigurationPlatforms) = postSolution
		{7C8A3A7A-76BD-4E06-A00D-4458A3982E63}.Debug|Any CPU.ActiveCfg = Debug|Any CPU
		{7C8A3A7A-76BD-4E06-A00D-4458A3982E63}.Debug|Any CPU.Build.0 = Debug|Any CPU
		{7C8A3A7A-76BD-4E06-A00D-4458A3982E63}.Release|Any CPU.ActiveCfg = Release|Any CPU
		{7C8A3A7A-76BD-4E06-A00D-4458A3982E63}.Release|Any CPU.Build.0 = Release|Any CPU
	EndGlobalSection
	GlobalSection(SolutionProperties) = preSolution
		HideSolutionNode = FALSE
	EndGlobalSection
	GlobalSection(ExtensibilityGlobals) = postSolution
		SolutionGuid = {360C8C63-A983-4BF3-A8D3-A6575EA34A1E}
	EndGlobalSection
EndGlobal
